
Microsoft Visual Studio Solution File, Format Version 12.00
# Visual Studio Version 17
VisualStudioVersion = 17.6.33717.318
MinimumVisualStudioVersion = 10.0.40219.1
Project("{FAE04EC0-301F-11D3-BF4B-00C04F79EFBC}") = "RESTAURANTE_MAXIMA", "Salespoint\RESTAURANTE_MAXIMA.csproj", "{6B4D32B6-11B4-4EB8-85FE-37CBB1AA107B}"
EndProject
Project("{FAE04EC0-301F-11D3-BF4B-00C04F79EFBC}") = "BE", "BE\BE.csproj", "{3303D419-DD12-4512-A1F9-2DF0185F1250}"
EndProject
Project("{FAE04EC0-301F-11D3-BF4B-00C04F79EFBC}") = "BLL", "BLL\BLL.csproj", "{0CFBBAB2-B40E-4C7E-A525-BD491B38B8DE}"
EndProject
Project("{FAE04EC0-301F-11D3-BF4B-00C04F79EFBC}") = "DAL", "DAL\DAL.csproj", "{9955B97A-C3BE-4A5D-B23E-60B8392D4A83}"
EndProject
Project("{9A19103F-16F7-4668-BE54-9A1E7A4F7556}") = "Tools", "Tools\Tools.csproj", "{BA0D3929-C763-4718-97D0-FE6F23194530}"
EndProject
Project("{9A19103F-16F7-4668-BE54-9A1E7A4F7556}") = "Helpers", "Helpers\Helpers.csproj", "{466F55AA-4680-42B2-A223-47C7CDAE7728}"
EndProject
Project("{2150E333-8FDC-42A3-9474-1A3956D46DE8}") = "Layers", "Layers", "{A9D1C4AB-02C4-46D4-A5D2-C67DC4C977F4}"
EndProject
Project("{2150E333-8FDC-42A3-9474-1A3956D46DE8}") = "Extensions", "Extensions", "{C6ECFD77-9021-4317-A64A-DD706D4392BD}"
EndProject
Project("{2150E333-8FDC-42A3-9474-1A3956D46DE8}") = "UI", "UI", "{976B6A65-E614-4D28-B592-B8B9616B847D}"
EndProject
Project("{FAE04EC0-301F-11D3-BF4B-00C04F79EFBC}") = "EL_EDEN", "EL_EDEN\EL_EDEN.csproj", "{302FCC1E-F8F3-439F-A8C4-0604AC6D7D80}"
EndProject
Global
	GlobalSection(SolutionConfigurationPlatforms) = preSolution
		Debug|Any CPU = Debug|Any CPU
		Release|Any CPU = Release|Any CPU
	EndGlobalSection
	GlobalSection(ProjectConfigurationPlatforms) = postSolution
		{6B4D32B6-11B4-4EB8-85FE-37CBB1AA107B}.Debug|Any CPU.ActiveCfg = Debug|Any CPU
		{6B4D32B6-11B4-4EB8-85FE-37CBB1AA107B}.Debug|Any CPU.Build.0 = Debug|Any CPU
		{6B4D32B6-11B4-4EB8-85FE-37CBB1AA107B}.Release|Any CPU.ActiveCfg = Release|Any CPU
		{6B4D32B6-11B4-4EB8-85FE-37CBB1AA107B}.Release|Any CPU.Build.0 = Release|Any CPU
		{3303D419-DD12-4512-A1F9-2DF0185F1250}.Debug|Any CPU.ActiveCfg = Debug|Any CPU
		{3303D419-DD12-4512-A1F9-2DF0185F1250}.Debug|Any CPU.Build.0 = Debug|Any CPU
		{3303D419-DD12-4512-A1F9-2DF0185F1250}.Release|Any CPU.ActiveCfg = Release|Any CPU
		{3303D419-DD12-4512-A1F9-2DF0185F1250}.Release|Any CPU.Build.0 = Release|Any CPU
		{0CFBBAB2-B40E-4C7E-A525-BD491B38B8DE}.Debug|Any CPU.ActiveCfg = Debug|Any CPU
		{0CFBBAB2-B40E-4C7E-A525-BD491B38B8DE}.Debug|Any CPU.Build.0 = Debug|Any CPU
		{0CFBBAB2-B40E-4C7E-A525-BD491B38B8DE}.Release|Any CPU.ActiveCfg = Release|Any CPU
		{0CFBBAB2-B40E-4C7E-A525-BD491B38B8DE}.Release|Any CPU.Build.0 = Release|Any CPU
		{9955B97A-C3BE-4A5D-B23E-60B8392D4A83}.Debug|Any CPU.ActiveCfg = Debug|Any CPU
		{9955B97A-C3BE-4A5D-B23E-60B8392D4A83}.Debug|Any CPU.Build.0 = Debug|Any CPU
		{9955B97A-C3BE-4A5D-B23E-60B8392D4A83}.Release|Any CPU.ActiveCfg = Release|Any CPU
		{9955B97A-C3BE-4A5D-B23E-60B8392D4A83}.Release|Any CPU.Build.0 = Release|Any CPU
		{BA0D3929-C763-4718-97D0-FE6F23194530}.Debug|Any CPU.ActiveCfg = Debug|Any CPU
		{BA0D3929-C763-4718-97D0-FE6F23194530}.Debug|Any CPU.Build.0 = Debug|Any CPU
		{BA0D3929-C763-4718-97D0-FE6F23194530}.Release|Any CPU.ActiveCfg = Release|Any CPU
		{BA0D3929-C763-4718-97D0-FE6F23194530}.Release|Any CPU.Build.0 = Release|Any CPU
		{466F55AA-4680-42B2-A223-47C7CDAE7728}.Debug|Any CPU.ActiveCfg = Debug|Any CPU
		{466F55AA-4680-42B2-A223-47C7CDAE7728}.Debug|Any CPU.Build.0 = Debug|Any CPU
		{466F55AA-4680-42B2-A223-47C7CDAE7728}.Release|Any CPU.ActiveCfg = Release|Any CPU
		{466F55AA-4680-42B2-A223-47C7CDAE7728}.Release|Any CPU.Build.0 = Release|Any CPU
		{302FCC1E-F8F3-439F-A8C4-0604AC6D7D80}.Debug|Any CPU.ActiveCfg = Debug|Any CPU
		{302FCC1E-F8F3-439F-A8C4-0604AC6D7D80}.Debug|Any CPU.Build.0 = Debug|Any CPU
		{302FCC1E-F8F3-439F-A8C4-0604AC6D7D80}.Release|Any CPU.ActiveCfg = Release|Any CPU
		{302FCC1E-F8F3-439F-A8C4-0604AC6D7D80}.Release|Any CPU.Build.0 = Release|Any CPU
	EndGlobalSection
	GlobalSection(SolutionProperties) = preSolution
		HideSolutionNode = FALSE
	EndGlobalSection
	GlobalSection(NestedProjects) = preSolution
		{6B4D32B6-11B4-4EB8-85FE-37CBB1AA107B} = {976B6A65-E614-4D28-B592-B8B9616B847D}
		{3303D419-DD12-4512-A1F9-2DF0185F1250} = {A9D1C4AB-02C4-46D4-A5D2-C67DC4C977F4}
		{0CFBBAB2-B40E-4C7E-A525-BD491B38B8DE} = {A9D1C4AB-02C4-46D4-A5D2-C67DC4C977F4}
		{9955B97A-C3BE-4A5D-B23E-60B8392D4A83} = {A9D1C4AB-02C4-46D4-A5D2-C67DC4C977F4}
		{BA0D3929-C763-4718-97D0-FE6F23194530} = {C6ECFD77-9021-4317-A64A-DD706D4392BD}
		{466F55AA-4680-42B2-A223-47C7CDAE7728} = {C6ECFD77-9021-4317-A64A-DD706D4392BD}
		{302FCC1E-F8F3-439F-A8C4-0604AC6D7D80} = {976B6A65-E614-4D28-B592-B8B9616B847D}
	EndGlobalSection
	GlobalSection(ExtensibilityGlobals) = postSolution
		SolutionGuid = {782DE155-5416-4944-B1E4-4B4AD5407639}
	EndGlobalSection
EndGlobal
